
Microsoft Visual Studio Solution File, Format Version 12.00
# Visual Studio Version 17
VisualStudioVersion = 17.3.32819.101
MinimumVisualStudioVersion = 10.0.40219.1
Project("{FAE04EC0-301F-11D3-BF4B-00C04F79EFBC}") = "Extension", "Extension\Extension.csproj", "{69566CCF-9A26-449C-8856-ABCC234ECC36}"
EndProject
Project("{FAE04EC0-301F-11D3-BF4B-00C04F79EFBC}") = "ValidationLibrary", "ValidationLibrary\ValidationLibrary.csproj", "{D411DD7F-02BD-4011-BDD7-C1FE63881612}"
EndProject
Global
	GlobalSection(SolutionConfigurationPlatforms) = preSolution
		Debug|Any CPU = Debug|Any CPU
		Release|Any CPU = Release|Any CPU
	EndGlobalSection
	GlobalSection(ProjectConfigurationPlatforms) = postSolution
		{69566CCF-9A26-449C-8856-ABCC234ECC36}.Debug|Any CPU.ActiveCfg = Debug|Any CPU
		{69566CCF-9A26-449C-8856-ABCC234ECC36}.Debug|Any CPU.Build.0 = Debug|Any CPU
		{69566CCF-9A26-449C-8856-ABCC234ECC36}.Release|Any CPU.ActiveCfg = Release|Any CPU
		{69566CCF-9A26-449C-8856-ABCC234ECC36}.Release|Any CPU.Build.0 = Release|Any CPU
		{D411DD7F-02BD-4011-BDD7-C1FE63881612}.Debug|Any CPU.ActiveCfg = Debug|Any CPU
		{D411DD7F-02BD-4011-BDD7-C1FE63881612}.Debug|Any CPU.Build.0 = Debug|Any CPU
		{D411DD7F-02BD-4011-BDD7-C1FE63881612}.Release|Any CPU.ActiveCfg = Release|Any CPU
		{D411DD7F-02BD-4011-BDD7-C1FE63881612}.Release|Any CPU.Build.0 = Release|Any CPU
	EndGlobalSection
	GlobalSection(SolutionProperties) = preSolution
		HideSolutionNode = FALSE
	EndGlobalSection
	GlobalSection(ExtensibilityGlobals) = postSolution
		SolutionGuid = {B7E37FF7-28A1-4D1E-B4E7-CFEEC08C1F49}
	EndGlobalSection
EndGlobal
