
Microsoft Visual Studio Solution File, Format Version 12.00
# Visual Studio Version 17
VisualStudioVersion = 17.3.32819.101
MinimumVisualStudioVersion = 10.0.40219.1
Project("{9A19103F-16F7-4668-BE54-9A1E7A4F7556}") = "ImplicitExplicitGenerics", "ImplicitExplicitGenerics\ImplicitExplicitGenerics.csproj", "{30B7A34C-FA2E-4C83-957C-C5A50E2C5AD6}"
EndProject
Project("{FAE04EC0-301F-11D3-BF4B-00C04F79EFBC}") = "List", "List\List.csproj", "{29DB6DE3-C9FF-470E-B1E9-C8B0E549915C}"
EndProject
Global
	GlobalSection(SolutionConfigurationPlatforms) = preSolution
		Debug|Any CPU = Debug|Any CPU
		Release|Any CPU = Release|Any CPU
	EndGlobalSection
	GlobalSection(ProjectConfigurationPlatforms) = postSolution
		{30B7A34C-FA2E-4C83-957C-C5A50E2C5AD6}.Debug|Any CPU.ActiveCfg = Debug|Any CPU
		{30B7A34C-FA2E-4C83-957C-C5A50E2C5AD6}.Debug|Any CPU.Build.0 = Debug|Any CPU
		{30B7A34C-FA2E-4C83-957C-C5A50E2C5AD6}.Release|Any CPU.ActiveCfg = Release|Any CPU
		{30B7A34C-FA2E-4C83-957C-C5A50E2C5AD6}.Release|Any CPU.Build.0 = Release|Any CPU
		{29DB6DE3-C9FF-470E-B1E9-C8B0E549915C}.Debug|Any CPU.ActiveCfg = Debug|Any CPU
		{29DB6DE3-C9FF-470E-B1E9-C8B0E549915C}.Debug|Any CPU.Build.0 = Debug|Any CPU
		{29DB6DE3-C9FF-470E-B1E9-C8B0E549915C}.Release|Any CPU.ActiveCfg = Release|Any CPU
		{29DB6DE3-C9FF-470E-B1E9-C8B0E549915C}.Release|Any CPU.Build.0 = Release|Any CPU
	EndGlobalSection
	GlobalSection(SolutionProperties) = preSolution
		HideSolutionNode = FALSE
	EndGlobalSection
	GlobalSection(ExtensibilityGlobals) = postSolution
		SolutionGuid = {8D7DCF0D-E116-49DA-9913-3C06D8C9C1A6}
	EndGlobalSection
EndGlobal
