
Microsoft Visual Studio Solution File, Format Version 12.00
# Visual Studio Version 17
VisualStudioVersion = 17.3.32819.101
MinimumVisualStudioVersion = 10.0.40219.1
Project("{FAE04EC0-301F-11D3-BF4B-00C04F79EFBC}") = "SealedStatic", "SealedStatic\SealedStatic.csproj", "{15A01BA4-99BE-4C1B-9E32-10E703D50195}"
EndProject
Global
	GlobalSection(SolutionConfigurationPlatforms) = preSolution
		Debug|Any CPU = Debug|Any CPU
		Release|Any CPU = Release|Any CPU
	EndGlobalSection
	GlobalSection(ProjectConfigurationPlatforms) = postSolution
		{15A01BA4-99BE-4C1B-9E32-10E703D50195}.Debug|Any CPU.ActiveCfg = Debug|Any CPU
		{15A01BA4-99BE-4C1B-9E32-10E703D50195}.Debug|Any CPU.Build.0 = Debug|Any CPU
		{15A01BA4-99BE-4C1B-9E32-10E703D50195}.Release|Any CPU.ActiveCfg = Release|Any CPU
		{15A01BA4-99BE-4C1B-9E32-10E703D50195}.Release|Any CPU.Build.0 = Release|Any CPU
	EndGlobalSection
	GlobalSection(SolutionProperties) = preSolution
		HideSolutionNode = FALSE
	EndGlobalSection
	GlobalSection(ExtensibilityGlobals) = postSolution
		SolutionGuid = {AEF30515-6E33-4EF3-91C8-C10A4B6D48FF}
	EndGlobalSection
EndGlobal
