
Microsoft Visual Studio Solution File, Format Version 12.00
# Visual Studio Version 17
VisualStudioVersion = 17.3.32819.101
MinimumVisualStudioVersion = 10.0.40219.1
Project("{FAE04EC0-301F-11D3-BF4B-00C04F79EFBC}") = "First", "First\First.csproj", "{FBED1B8C-1F9C-4AC6-BF3D-50CE32FCDDD0}"
EndProject
Global
	GlobalSection(SolutionConfigurationPlatforms) = preSolution
		Debug|Any CPU = Debug|Any CPU
		Release|Any CPU = Release|Any CPU
	EndGlobalSection
	GlobalSection(ProjectConfigurationPlatforms) = postSolution
		{FBED1B8C-1F9C-4AC6-BF3D-50CE32FCDDD0}.Debug|Any CPU.ActiveCfg = Debug|Any CPU
		{FBED1B8C-1F9C-4AC6-BF3D-50CE32FCDDD0}.Debug|Any CPU.Build.0 = Debug|Any CPU
		{FBED1B8C-1F9C-4AC6-BF3D-50CE32FCDDD0}.Release|Any CPU.ActiveCfg = Release|Any CPU
		{FBED1B8C-1F9C-4AC6-BF3D-50CE32FCDDD0}.Release|Any CPU.Build.0 = Release|Any CPU
	EndGlobalSection
	GlobalSection(SolutionProperties) = preSolution
		HideSolutionNode = FALSE
	EndGlobalSection
	GlobalSection(ExtensibilityGlobals) = postSolution
		SolutionGuid = {180BBDF0-3A57-4F90-9BA2-00339DC14CD9}
	EndGlobalSection
EndGlobal
