
Microsoft Visual Studio Solution File, Format Version 12.00
# Visual Studio Version 17
VisualStudioVersion = 17.3.32819.101
MinimumVisualStudioVersion = 10.0.40219.1
Project("{FAE04EC0-301F-11D3-BF4B-00C04F79EFBC}") = "Class", "Class\Class.csproj", "{89B631AB-9305-4CB2-B1C1-82FFAD3D7B2C}"
EndProject
Global
	GlobalSection(SolutionConfigurationPlatforms) = preSolution
		Debug|Any CPU = Debug|Any CPU
		Release|Any CPU = Release|Any CPU
	EndGlobalSection
	GlobalSection(ProjectConfigurationPlatforms) = postSolution
		{89B631AB-9305-4CB2-B1C1-82FFAD3D7B2C}.Debug|Any CPU.ActiveCfg = Debug|Any CPU
		{89B631AB-9305-4CB2-B1C1-82FFAD3D7B2C}.Debug|Any CPU.Build.0 = Debug|Any CPU
		{89B631AB-9305-4CB2-B1C1-82FFAD3D7B2C}.Release|Any CPU.ActiveCfg = Release|Any CPU
		{89B631AB-9305-4CB2-B1C1-82FFAD3D7B2C}.Release|Any CPU.Build.0 = Release|Any CPU
	EndGlobalSection
	GlobalSection(SolutionProperties) = preSolution
		HideSolutionNode = FALSE
	EndGlobalSection
	GlobalSection(ExtensibilityGlobals) = postSolution
		SolutionGuid = {6A503C20-BC6A-4CDB-B11D-C7DADC70396B}
	EndGlobalSection
EndGlobal
